
Microsoft Visual Studio Solution File, Format Version 12.00
# Visual Studio 15
VisualStudioVersion = 15.0.27130.2027
MinimumVisualStudioVersion = 10.0.40219.1
Project("{2150E333-8FDC-42A3-9474-1A3956D46DE8}") = "Mobile", "Mobile", "{B3A98148-DC93-471C-B1EB-CFA73B9A634E}"
EndProject
Project("{2150E333-8FDC-42A3-9474-1A3956D46DE8}") = "Web", "Web", "{2C1DD2C4-73FF-4D1D-9E88-6B413317FC29}"
EndProject
Project("{2150E333-8FDC-42A3-9474-1A3956D46DE8}") = "Solution Items", "Solution Items", "{364DE571-98D2-4F69-8D93-F25F832E7D7A}"
	ProjectSection(SolutionItems) = preProject
		.editorconfig = .editorconfig
		global.json = global.json
		NuGet.config = NuGet.config
	EndProjectSection
EndProject
Project("{2150E333-8FDC-42A3-9474-1A3956D46DE8}") = "SQL", "SQL", "{AE4E0DB3-05E7-4201-BBA3-A56291FD4956}"
	ProjectSection(SolutionItems) = preProject
		SQL\01-fnGetCoordinatesForPostalCode.sql = SQL\01-fnGetCoordinatesForPostalCode.sql
		SQL\02-GetClosestLocations.sql = SQL\02-GetClosestLocations.sql
		SQL\03-GetCoordinatesForPostalCode.sql = SQL\03-GetCoordinatesForPostalCode.sql
		SQL\04-GetClosestEvents.sql = SQL\04-GetClosestEvents.sql
		SQL\05-GetClosestEventsByPostalCode.sql = SQL\05-GetClosestEventsByPostalCode.sql
	EndProjectSection
EndProject
Project("{2150E333-8FDC-42A3-9474-1A3956D46DE8}") = "Test", "Test", "{F61C07BA-016B-42B2-BD67-837BE9FBA030}"
EndProject
Project("{2150E333-8FDC-42A3-9474-1A3956D46DE8}") = "WebJobs", "WebJobs", "{54F6A7C8-776D-4139-95A2-01CF29449F10}"
EndProject
Project("{2150E333-8FDC-42A3-9474-1A3956D46DE8}") = "Common", "Common", "{FE844645-83D0-4F70-9A31-62F6BC46DAA7}"
EndProject
Project("{262852C6-CD72-467D-83FE-5EEB1973A190}") = "AllReadyApp", "Mobile-App\AllReadyApp.jsproj", "{60010232-B3E1-40B7-AA8E-991BD2695BDE}"
EndProject
Project("{9A19103F-16F7-4668-BE54-9A1E7A4F7556}") = "AllReady.Core", "AllReady.Core\AllReady.Core.csproj", "{BCDBC42A-9207-4BFB-973D-D604AFF7E5AC}"
EndProject
Project("{9A19103F-16F7-4668-BE54-9A1E7A4F7556}") = "AllReady.UnitTest", "Web-App\AllReady.UnitTest\AllReady.UnitTest.csproj", "{17F9CE8F-7EB3-4040-BC1C-5EE281A2225F}"
EndProject
Project("{9A19103F-16F7-4668-BE54-9A1E7A4F7556}") = "AllReady", "Web-App\AllReady\AllReady.csproj", "{5619608C-D963-48DA-98AA-4DDE7F65E6A8}"
EndProject
Project("{9A19103F-16F7-4668-BE54-9A1E7A4F7556}") = "AllReady.NotificationsWebJob", "AllReady.NotificationsWebJob\AllReady.NotificationsWebJob.csproj", "{A5FD8664-A9A2-47FD-B6F9-6D3345C6CB07}"
EndProject
Global
	GlobalSection(SolutionConfigurationPlatforms) = preSolution
		Debug|Android = Debug|Android
		Debug|Any CPU = Debug|Any CPU
		Debug|iOS = Debug|iOS
		Debug|Windows Phone (Universal) = Debug|Windows Phone (Universal)
		Debug|Windows Phone 8 = Debug|Windows Phone 8
		Debug|Windows-AnyCPU = Debug|Windows-AnyCPU
		Debug|Windows-ARM = Debug|Windows-ARM
		Debug|Windows-x64 = Debug|Windows-x64
		Debug|Windows-x86 = Debug|Windows-x86
		Release|Android = Release|Android
		Release|Any CPU = Release|Any CPU
		Release|iOS = Release|iOS
		Release|Windows Phone (Universal) = Release|Windows Phone (Universal)
		Release|Windows Phone 8 = Release|Windows Phone 8
		Release|Windows-AnyCPU = Release|Windows-AnyCPU
		Release|Windows-ARM = Release|Windows-ARM
		Release|Windows-x64 = Release|Windows-x64
		Release|Windows-x86 = Release|Windows-x86
	EndGlobalSection
	GlobalSection(ProjectConfigurationPlatforms) = postSolution
		{60010232-B3E1-40B7-AA8E-991BD2695BDE}.Debug|Android.ActiveCfg = Debug|Android
		{60010232-B3E1-40B7-AA8E-991BD2695BDE}.Debug|Android.Build.0 = Debug|Android
		{60010232-B3E1-40B7-AA8E-991BD2695BDE}.Debug|Android.Deploy.0 = Debug|Android
		{60010232-B3E1-40B7-AA8E-991BD2695BDE}.Debug|Any CPU.ActiveCfg = Debug|Android
		{60010232-B3E1-40B7-AA8E-991BD2695BDE}.Debug|iOS.ActiveCfg = Debug|iOS
		{60010232-B3E1-40B7-AA8E-991BD2695BDE}.Debug|iOS.Build.0 = Debug|iOS
		{60010232-B3E1-40B7-AA8E-991BD2695BDE}.Debug|iOS.Deploy.0 = Debug|iOS
		{60010232-B3E1-40B7-AA8E-991BD2695BDE}.Debug|Windows Phone (Universal).ActiveCfg = Debug|Windows Phone (Universal)
		{60010232-B3E1-40B7-AA8E-991BD2695BDE}.Debug|Windows Phone (Universal).Build.0 = Debug|Windows Phone (Universal)
		{60010232-B3E1-40B7-AA8E-991BD2695BDE}.Debug|Windows Phone (Universal).Deploy.0 = Debug|Windows Phone (Universal)
		{60010232-B3E1-40B7-AA8E-991BD2695BDE}.Debug|Windows Phone 8.ActiveCfg = Debug|Windows Phone 8
		{60010232-B3E1-40B7-AA8E-991BD2695BDE}.Debug|Windows Phone 8.Build.0 = Debug|Windows Phone 8
		{60010232-B3E1-40B7-AA8E-991BD2695BDE}.Debug|Windows Phone 8.Deploy.0 = Debug|Windows Phone 8
		{60010232-B3E1-40B7-AA8E-991BD2695BDE}.Debug|Windows-AnyCPU.ActiveCfg = Debug|Windows-AnyCPU
		{60010232-B3E1-40B7-AA8E-991BD2695BDE}.Debug|Windows-AnyCPU.Build.0 = Debug|Windows-AnyCPU
		{60010232-B3E1-40B7-AA8E-991BD2695BDE}.Debug|Windows-AnyCPU.Deploy.0 = Debug|Windows-AnyCPU
		{60010232-B3E1-40B7-AA8E-991BD2695BDE}.Debug|Windows-ARM.ActiveCfg = Debug|Windows-ARM
		{60010232-B3E1-40B7-AA8E-991BD2695BDE}.Debug|Windows-ARM.Build.0 = Debug|Windows-ARM
		{60010232-B3E1-40B7-AA8E-991BD2695BDE}.Debug|Windows-ARM.Deploy.0 = Debug|Windows-ARM
		{60010232-B3E1-40B7-AA8E-991BD2695BDE}.Debug|Windows-x64.ActiveCfg = Debug|Windows-x64
		{60010232-B3E1-40B7-AA8E-991BD2695BDE}.Debug|Windows-x64.Build.0 = Debug|Windows-x64
		{60010232-B3E1-40B7-AA8E-991BD2695BDE}.Debug|Windows-x64.Deploy.0 = Debug|Windows-x64
		{60010232-B3E1-40B7-AA8E-991BD2695BDE}.Debug|Windows-x86.ActiveCfg = Debug|Windows-x86
		{60010232-B3E1-40B7-AA8E-991BD2695BDE}.Debug|Windows-x86.Build.0 = Debug|Windows-x86
		{60010232-B3E1-40B7-AA8E-991BD2695BDE}.Debug|Windows-x86.Deploy.0 = Debug|Windows-x86
		{60010232-B3E1-40B7-AA8E-991BD2695BDE}.Release|Android.ActiveCfg = Release|Android
		{60010232-B3E1-40B7-AA8E-991BD2695BDE}.Release|Android.Build.0 = Release|Android
		{60010232-B3E1-40B7-AA8E-991BD2695BDE}.Release|Android.Deploy.0 = Release|Android
		{60010232-B3E1-40B7-AA8E-991BD2695BDE}.Release|Any CPU.ActiveCfg = Release|Android
		{60010232-B3E1-40B7-AA8E-991BD2695BDE}.Release|iOS.ActiveCfg = Release|iOS
		{60010232-B3E1-40B7-AA8E-991BD2695BDE}.Release|iOS.Build.0 = Release|iOS
		{60010232-B3E1-40B7-AA8E-991BD2695BDE}.Release|iOS.Deploy.0 = Release|iOS
		{60010232-B3E1-40B7-AA8E-991BD2695BDE}.Release|Windows Phone (Universal).ActiveCfg = Release|Windows Phone (Universal)
		{60010232-B3E1-40B7-AA8E-991BD2695BDE}.Release|Windows Phone (Universal).Build.0 = Release|Windows Phone (Universal)
		{60010232-B3E1-40B7-AA8E-991BD2695BDE}.Release|Windows Phone (Universal).Deploy.0 = Release|Windows Phone (Universal)
		{60010232-B3E1-40B7-AA8E-991BD2695BDE}.Release|Windows Phone 8.ActiveCfg = Release|Windows Phone 8
		{60010232-B3E1-40B7-AA8E-991BD2695BDE}.Release|Windows Phone 8.Build.0 = Release|Windows Phone 8
		{60010232-B3E1-40B7-AA8E-991BD2695BDE}.Release|Windows Phone 8.Deploy.0 = Release|Windows Phone 8
		{60010232-B3E1-40B7-AA8E-991BD2695BDE}.Release|Windows-AnyCPU.ActiveCfg = Release|Windows-AnyCPU
		{60010232-B3E1-40B7-AA8E-991BD2695BDE}.Release|Windows-AnyCPU.Build.0 = Release|Windows-AnyCPU
		{60010232-B3E1-40B7-AA8E-991BD2695BDE}.Release|Windows-AnyCPU.Deploy.0 = Release|Windows-AnyCPU
		{60010232-B3E1-40B7-AA8E-991BD2695BDE}.Release|Windows-ARM.ActiveCfg = Release|Windows-ARM
		{60010232-B3E1-40B7-AA8E-991BD2695BDE}.Release|Windows-ARM.Build.0 = Release|Windows-ARM
		{60010232-B3E1-40B7-AA8E-991BD2695BDE}.Release|Windows-ARM.Deploy.0 = Release|Windows-ARM
		{60010232-B3E1-40B7-AA8E-991BD2695BDE}.Release|Windows-x64.ActiveCfg = Release|Windows-x64
		{60010232-B3E1-40B7-AA8E-991BD2695BDE}.Release|Windows-x64.Build.0 = Release|Windows-x64
		{60010232-B3E1-40B7-AA8E-991BD2695BDE}.Release|Windows-x64.Deploy.0 = Release|Windows-x64
		{60010232-B3E1-40B7-AA8E-991BD2695BDE}.Release|Windows-x86.ActiveCfg = Release|Windows-x86
		{60010232-B3E1-40B7-AA8E-991BD2695BDE}.Release|Windows-x86.Build.0 = Release|Windows-x86
		{60010232-B3E1-40B7-AA8E-991BD2695BDE}.Release|Windows-x86.Deploy.0 = Release|Windows-x86
		{BCDBC42A-9207-4BFB-973D-D604AFF7E5AC}.Debug|Android.ActiveCfg = Debug|Any CPU
		{BCDBC42A-9207-4BFB-973D-D604AFF7E5AC}.Debug|Android.Build.0 = Debug|Any CPU
		{BCDBC42A-9207-4BFB-973D-D604AFF7E5AC}.Debug|Any CPU.ActiveCfg = Debug|Any CPU
		{BCDBC42A-9207-4BFB-973D-D604AFF7E5AC}.Debug|Any CPU.Build.0 = Debug|Any CPU
		{BCDBC42A-9207-4BFB-973D-D604AFF7E5AC}.Debug|iOS.ActiveCfg = Debug|Any CPU
		{BCDBC42A-9207-4BFB-973D-D604AFF7E5AC}.Debug|iOS.Build.0 = Debug|Any CPU
		{BCDBC42A-9207-4BFB-973D-D604AFF7E5AC}.Debug|Windows Phone (Universal).ActiveCfg = Debug|Any CPU
		{BCDBC42A-9207-4BFB-973D-D604AFF7E5AC}.Debug|Windows Phone (Universal).Build.0 = Debug|Any CPU
		{BCDBC42A-9207-4BFB-973D-D604AFF7E5AC}.Debug|Windows Phone 8.ActiveCfg = Debug|Any CPU
		{BCDBC42A-9207-4BFB-973D-D604AFF7E5AC}.Debug|Windows Phone 8.Build.0 = Debug|Any CPU
		{BCDBC42A-9207-4BFB-973D-D604AFF7E5AC}.Debug|Windows-AnyCPU.ActiveCfg = Debug|Any CPU
		{BCDBC42A-9207-4BFB-973D-D604AFF7E5AC}.Debug|Windows-AnyCPU.Build.0 = Debug|Any CPU
		{BCDBC42A-9207-4BFB-973D-D604AFF7E5AC}.Debug|Windows-ARM.ActiveCfg = Debug|Any CPU
		{BCDBC42A-9207-4BFB-973D-D604AFF7E5AC}.Debug|Windows-ARM.Build.0 = Debug|Any CPU
		{BCDBC42A-9207-4BFB-973D-D604AFF7E5AC}.Debug|Windows-x64.ActiveCfg = Debug|Any CPU
		{BCDBC42A-9207-4BFB-973D-D604AFF7E5AC}.Debug|Windows-x64.Build.0 = Debug|Any CPU
		{BCDBC42A-9207-4BFB-973D-D604AFF7E5AC}.Debug|Windows-x86.ActiveCfg = Debug|Any CPU
		{BCDBC42A-9207-4BFB-973D-D604AFF7E5AC}.Debug|Windows-x86.Build.0 = Debug|Any CPU
		{BCDBC42A-9207-4BFB-973D-D604AFF7E5AC}.Release|Android.ActiveCfg = Release|Any CPU
		{BCDBC42A-9207-4BFB-973D-D604AFF7E5AC}.Release|Android.Build.0 = Release|Any CPU
		{BCDBC42A-9207-4BFB-973D-D604AFF7E5AC}.Release|Any CPU.ActiveCfg = Release|Any CPU
		{BCDBC42A-9207-4BFB-973D-D604AFF7E5AC}.Release|Any CPU.Build.0 = Release|Any CPU
		{BCDBC42A-9207-4BFB-973D-D604AFF7E5AC}.Release|iOS.ActiveCfg = Release|Any CPU
		{BCDBC42A-9207-4BFB-973D-D604AFF7E5AC}.Release|iOS.Build.0 = Release|Any CPU
		{BCDBC42A-9207-4BFB-973D-D604AFF7E5AC}.Release|Windows Phone (Universal).ActiveCfg = Release|Any CPU
		{BCDBC42A-9207-4BFB-973D-D604AFF7E5AC}.Release|Windows Phone (Universal).Build.0 = Release|Any CPU
		{BCDBC42A-9207-4BFB-973D-D604AFF7E5AC}.Release|Windows Phone 8.ActiveCfg = Release|Any CPU
		{BCDBC42A-9207-4BFB-973D-D604AFF7E5AC}.Release|Windows Phone 8.Build.0 = Release|Any CPU
		{BCDBC42A-9207-4BFB-973D-D604AFF7E5AC}.Release|Windows-AnyCPU.ActiveCfg = Release|Any CPU
		{BCDBC42A-9207-4BFB-973D-D604AFF7E5AC}.Release|Windows-AnyCPU.Build.0 = Release|Any CPU
		{BCDBC42A-9207-4BFB-973D-D604AFF7E5AC}.Release|Windows-ARM.ActiveCfg = Release|Any CPU
		{BCDBC42A-9207-4BFB-973D-D604AFF7E5AC}.Release|Windows-ARM.Build.0 = Release|Any CPU
		{BCDBC42A-9207-4BFB-973D-D604AFF7E5AC}.Release|Windows-x64.ActiveCfg = Release|Any CPU
		{BCDBC42A-9207-4BFB-973D-D604AFF7E5AC}.Release|Windows-x64.Build.0 = Release|Any CPU
		{BCDBC42A-9207-4BFB-973D-D604AFF7E5AC}.Release|Windows-x86.ActiveCfg = Release|Any CPU
		{BCDBC42A-9207-4BFB-973D-D604AFF7E5AC}.Release|Windows-x86.Build.0 = Release|Any CPU
		{17F9CE8F-7EB3-4040-BC1C-5EE281A2225F}.Debug|Android.ActiveCfg = Debug|Any CPU
		{17F9CE8F-7EB3-4040-BC1C-5EE281A2225F}.Debug|Android.Build.0 = Debug|Any CPU
		{17F9CE8F-7EB3-4040-BC1C-5EE281A2225F}.Debug|Any CPU.ActiveCfg = Debug|Any CPU
		{17F9CE8F-7EB3-4040-BC1C-5EE281A2225F}.Debug|Any CPU.Build.0 = Debug|Any CPU
		{17F9CE8F-7EB3-4040-BC1C-5EE281A2225F}.Debug|iOS.ActiveCfg = Debug|Any CPU
		{17F9CE8F-7EB3-4040-BC1C-5EE281A2225F}.Debug|iOS.Build.0 = Debug|Any CPU
		{17F9CE8F-7EB3-4040-BC1C-5EE281A2225F}.Debug|Windows Phone (Universal).ActiveCfg = Debug|Any CPU
		{17F9CE8F-7EB3-4040-BC1C-5EE281A2225F}.Debug|Windows Phone (Universal).Build.0 = Debug|Any CPU
		{17F9CE8F-7EB3-4040-BC1C-5EE281A2225F}.Debug|Windows Phone 8.ActiveCfg = Debug|Any CPU
		{17F9CE8F-7EB3-4040-BC1C-5EE281A2225F}.Debug|Windows Phone 8.Build.0 = Debug|Any CPU
		{17F9CE8F-7EB3-4040-BC1C-5EE281A2225F}.Debug|Windows-AnyCPU.ActiveCfg = Debug|Any CPU
		{17F9CE8F-7EB3-4040-BC1C-5EE281A2225F}.Debug|Windows-AnyCPU.Build.0 = Debug|Any CPU
		{17F9CE8F-7EB3-4040-BC1C-5EE281A2225F}.Debug|Windows-ARM.ActiveCfg = Debug|Any CPU
		{17F9CE8F-7EB3-4040-BC1C-5EE281A2225F}.Debug|Windows-ARM.Build.0 = Debug|Any CPU
		{17F9CE8F-7EB3-4040-BC1C-5EE281A2225F}.Debug|Windows-x64.ActiveCfg = Debug|Any CPU
		{17F9CE8F-7EB3-4040-BC1C-5EE281A2225F}.Debug|Windows-x64.Build.0 = Debug|Any CPU
		{17F9CE8F-7EB3-4040-BC1C-5EE281A2225F}.Debug|Windows-x86.ActiveCfg = Debug|Any CPU
		{17F9CE8F-7EB3-4040-BC1C-5EE281A2225F}.Debug|Windows-x86.Build.0 = Debug|Any CPU
		{17F9CE8F-7EB3-4040-BC1C-5EE281A2225F}.Release|Android.ActiveCfg = Release|Any CPU
		{17F9CE8F-7EB3-4040-BC1C-5EE281A2225F}.Release|Android.Build.0 = Release|Any CPU
		{17F9CE8F-7EB3-4040-BC1C-5EE281A2225F}.Release|Any CPU.ActiveCfg = Release|Any CPU
		{17F9CE8F-7EB3-4040-BC1C-5EE281A2225F}.Release|Any CPU.Build.0 = Release|Any CPU
		{17F9CE8F-7EB3-4040-BC1C-5EE281A2225F}.Release|iOS.ActiveCfg = Release|Any CPU
		{17F9CE8F-7EB3-4040-BC1C-5EE281A2225F}.Release|iOS.Build.0 = Release|Any CPU
		{17F9CE8F-7EB3-4040-BC1C-5EE281A2225F}.Release|Windows Phone (Universal).ActiveCfg = Release|Any CPU
		{17F9CE8F-7EB3-4040-BC1C-5EE281A2225F}.Release|Windows Phone (Universal).Build.0 = Release|Any CPU
		{17F9CE8F-7EB3-4040-BC1C-5EE281A2225F}.Release|Windows Phone 8.ActiveCfg = Release|Any CPU
		{17F9CE8F-7EB3-4040-BC1C-5EE281A2225F}.Release|Windows Phone 8.Build.0 = Release|Any CPU
		{17F9CE8F-7EB3-4040-BC1C-5EE281A2225F}.Release|Windows-AnyCPU.ActiveCfg = Release|Any CPU
		{17F9CE8F-7EB3-4040-BC1C-5EE281A2225F}.Release|Windows-AnyCPU.Build.0 = Release|Any CPU
		{17F9CE8F-7EB3-4040-BC1C-5EE281A2225F}.Release|Windows-ARM.ActiveCfg = Release|Any CPU
		{17F9CE8F-7EB3-4040-BC1C-5EE281A2225F}.Release|Windows-ARM.Build.0 = Release|Any CPU
		{17F9CE8F-7EB3-4040-BC1C-5EE281A2225F}.Release|Windows-x64.ActiveCfg = Release|Any CPU
		{17F9CE8F-7EB3-4040-BC1C-5EE281A2225F}.Release|Windows-x64.Build.0 = Release|Any CPU
		{17F9CE8F-7EB3-4040-BC1C-5EE281A2225F}.Release|Windows-x86.ActiveCfg = Release|Any CPU
		{17F9CE8F-7EB3-4040-BC1C-5EE281A2225F}.Release|Windows-x86.Build.0 = Release|Any CPU
		{5619608C-D963-48DA-98AA-4DDE7F65E6A8}.Debug|Android.ActiveCfg = Debug|Any CPU
		{5619608C-D963-48DA-98AA-4DDE7F65E6A8}.Debug|Android.Build.0 = Debug|Any CPU
		{5619608C-D963-48DA-98AA-4DDE7F65E6A8}.Debug|Any CPU.ActiveCfg = Debug|Any CPU
		{5619608C-D963-48DA-98AA-4DDE7F65E6A8}.Debug|Any CPU.Build.0 = Debug|Any CPU
		{5619608C-D963-48DA-98AA-4DDE7F65E6A8}.Debug|iOS.ActiveCfg = Debug|Any CPU
		{5619608C-D963-48DA-98AA-4DDE7F65E6A8}.Debug|iOS.Build.0 = Debug|Any CPU
		{5619608C-D963-48DA-98AA-4DDE7F65E6A8}.Debug|Windows Phone (Universal).ActiveCfg = Debug|Any CPU
		{5619608C-D963-48DA-98AA-4DDE7F65E6A8}.Debug|Windows Phone (Universal).Build.0 = Debug|Any CPU
		{5619608C-D963-48DA-98AA-4DDE7F65E6A8}.Debug|Windows Phone 8.ActiveCfg = Debug|Any CPU
		{5619608C-D963-48DA-98AA-4DDE7F65E6A8}.Debug|Windows Phone 8.Build.0 = Debug|Any CPU
		{5619608C-D963-48DA-98AA-4DDE7F65E6A8}.Debug|Windows-AnyCPU.ActiveCfg = Debug|Any CPU
		{5619608C-D963-48DA-98AA-4DDE7F65E6A8}.Debug|Windows-AnyCPU.Build.0 = Debug|Any CPU
		{5619608C-D963-48DA-98AA-4DDE7F65E6A8}.Debug|Windows-ARM.ActiveCfg = Debug|Any CPU
		{5619608C-D963-48DA-98AA-4DDE7F65E6A8}.Debug|Windows-ARM.Build.0 = Debug|Any CPU
		{5619608C-D963-48DA-98AA-4DDE7F65E6A8}.Debug|Windows-x64.ActiveCfg = Debug|Any CPU
		{5619608C-D963-48DA-98AA-4DDE7F65E6A8}.Debug|Windows-x64.Build.0 = Debug|Any CPU
		{5619608C-D963-48DA-98AA-4DDE7F65E6A8}.Debug|Windows-x86.ActiveCfg = Debug|Any CPU
		{5619608C-D963-48DA-98AA-4DDE7F65E6A8}.Debug|Windows-x86.Build.0 = Debug|Any CPU
		{5619608C-D963-48DA-98AA-4DDE7F65E6A8}.Release|Android.ActiveCfg = Release|Any CPU
		{5619608C-D963-48DA-98AA-4DDE7F65E6A8}.Release|Android.Build.0 = Release|Any CPU
		{5619608C-D963-48DA-98AA-4DDE7F65E6A8}.Release|Any CPU.ActiveCfg = Release|Any CPU
		{5619608C-D963-48DA-98AA-4DDE7F65E6A8}.Release|Any CPU.Build.0 = Release|Any CPU
		{5619608C-D963-48DA-98AA-4DDE7F65E6A8}.Release|iOS.ActiveCfg = Release|Any CPU
		{5619608C-D963-48DA-98AA-4DDE7F65E6A8}.Release|iOS.Build.0 = Release|Any CPU
		{5619608C-D963-48DA-98AA-4DDE7F65E6A8}.Release|Windows Phone (Universal).ActiveCfg = Release|Any CPU
		{5619608C-D963-48DA-98AA-4DDE7F65E6A8}.Release|Windows Phone (Universal).Build.0 = Release|Any CPU
		{5619608C-D963-48DA-98AA-4DDE7F65E6A8}.Release|Windows Phone 8.ActiveCfg = Release|Any CPU
		{5619608C-D963-48DA-98AA-4DDE7F65E6A8}.Release|Windows Phone 8.Build.0 = Release|Any CPU
		{5619608C-D963-48DA-98AA-4DDE7F65E6A8}.Release|Windows-AnyCPU.ActiveCfg = Release|Any CPU
		{5619608C-D963-48DA-98AA-4DDE7F65E6A8}.Release|Windows-AnyCPU.Build.0 = Release|Any CPU
		{5619608C-D963-48DA-98AA-4DDE7F65E6A8}.Release|Windows-ARM.ActiveCfg = Release|Any CPU
		{5619608C-D963-48DA-98AA-4DDE7F65E6A8}.Release|Windows-ARM.Build.0 = Release|Any CPU
		{5619608C-D963-48DA-98AA-4DDE7F65E6A8}.Release|Windows-x64.ActiveCfg = Release|Any CPU
		{5619608C-D963-48DA-98AA-4DDE7F65E6A8}.Release|Windows-x64.Build.0 = Release|Any CPU
		{5619608C-D963-48DA-98AA-4DDE7F65E6A8}.Release|Windows-x86.ActiveCfg = Release|Any CPU
		{5619608C-D963-48DA-98AA-4DDE7F65E6A8}.Release|Windows-x86.Build.0 = Release|Any CPU
		{A5FD8664-A9A2-47FD-B6F9-6D3345C6CB07}.Debug|Android.ActiveCfg = Debug|Any CPU
		{A5FD8664-A9A2-47FD-B6F9-6D3345C6CB07}.Debug|Android.Build.0 = Debug|Any CPU
		{A5FD8664-A9A2-47FD-B6F9-6D3345C6CB07}.Debug|Any CPU.ActiveCfg = Debug|Any CPU
		{A5FD8664-A9A2-47FD-B6F9-6D3345C6CB07}.Debug|Any CPU.Build.0 = Debug|Any CPU
		{A5FD8664-A9A2-47FD-B6F9-6D3345C6CB07}.Debug|iOS.ActiveCfg = Debug|Any CPU
		{A5FD8664-A9A2-47FD-B6F9-6D3345C6CB07}.Debug|iOS.Build.0 = Debug|Any CPU
		{A5FD8664-A9A2-47FD-B6F9-6D3345C6CB07}.Debug|Windows Phone (Universal).ActiveCfg = Debug|Any CPU
		{A5FD8664-A9A2-47FD-B6F9-6D3345C6CB07}.Debug|Windows Phone (Universal).Build.0 = Debug|Any CPU
		{A5FD8664-A9A2-47FD-B6F9-6D3345C6CB07}.Debug|Windows Phone 8.ActiveCfg = Debug|Any CPU
		{A5FD8664-A9A2-47FD-B6F9-6D3345C6CB07}.Debug|Windows Phone 8.Build.0 = Debug|Any CPU
		{A5FD8664-A9A2-47FD-B6F9-6D3345C6CB07}.Debug|Windows-AnyCPU.ActiveCfg = Debug|Any CPU
		{A5FD8664-A9A2-47FD-B6F9-6D3345C6CB07}.Debug|Windows-AnyCPU.Build.0 = Debug|Any CPU
		{A5FD8664-A9A2-47FD-B6F9-6D3345C6CB07}.Debug|Windows-ARM.ActiveCfg = Debug|Any CPU
		{A5FD8664-A9A2-47FD-B6F9-6D3345C6CB07}.Debug|Windows-ARM.Build.0 = Debug|Any CPU
		{A5FD8664-A9A2-47FD-B6F9-6D3345C6CB07}.Debug|Windows-x64.ActiveCfg = Debug|Any CPU
		{A5FD8664-A9A2-47FD-B6F9-6D3345C6CB07}.Debug|Windows-x64.Build.0 = Debug|Any CPU
		{A5FD8664-A9A2-47FD-B6F9-6D3345C6CB07}.Debug|Windows-x86.ActiveCfg = Debug|Any CPU
		{A5FD8664-A9A2-47FD-B6F9-6D3345C6CB07}.Debug|Windows-x86.Build.0 = Debug|Any CPU
		{A5FD8664-A9A2-47FD-B6F9-6D3345C6CB07}.Release|Android.ActiveCfg = Release|Any CPU
		{A5FD8664-A9A2-47FD-B6F9-6D3345C6CB07}.Release|Android.Build.0 = Release|Any CPU
		{A5FD8664-A9A2-47FD-B6F9-6D3345C6CB07}.Release|Any CPU.ActiveCfg = Release|Any CPU
		{A5FD8664-A9A2-47FD-B6F9-6D3345C6CB07}.Release|Any CPU.Build.0 = Release|Any CPU
		{A5FD8664-A9A2-47FD-B6F9-6D3345C6CB07}.Release|iOS.ActiveCfg = Release|Any CPU
		{A5FD8664-A9A2-47FD-B6F9-6D3345C6CB07}.Release|iOS.Build.0 = Release|Any CPU
		{A5FD8664-A9A2-47FD-B6F9-6D3345C6CB07}.Release|Windows Phone (Universal).ActiveCfg = Release|Any CPU
		{A5FD8664-A9A2-47FD-B6F9-6D3345C6CB07}.Release|Windows Phone (Universal).Build.0 = Release|Any CPU
		{A5FD8664-A9A2-47FD-B6F9-6D3345C6CB07}.Release|Windows Phone 8.ActiveCfg = Release|Any CPU
		{A5FD8664-A9A2-47FD-B6F9-6D3345C6CB07}.Release|Windows Phone 8.Build.0 = Release|Any CPU
		{A5FD8664-A9A2-47FD-B6F9-6D3345C6CB07}.Release|Windows-AnyCPU.ActiveCfg = Release|Any CPU
		{A5FD8664-A9A2-47FD-B6F9-6D3345C6CB07}.Release|Windows-AnyCPU.Build.0 = Release|Any CPU
		{A5FD8664-A9A2-47FD-B6F9-6D3345C6CB07}.Release|Windows-ARM.ActiveCfg = Release|Any CPU
		{A5FD8664-A9A2-47FD-B6F9-6D3345C6CB07}.Release|Windows-ARM.Build.0 = Release|Any CPU
		{A5FD8664-A9A2-47FD-B6F9-6D3345C6CB07}.Release|Windows-x64.ActiveCfg = Release|Any CPU
		{A5FD8664-A9A2-47FD-B6F9-6D3345C6CB07}.Release|Windows-x64.Build.0 = Release|Any CPU
		{A5FD8664-A9A2-47FD-B6F9-6D3345C6CB07}.Release|Windows-x86.ActiveCfg = Release|Any CPU
		{A5FD8664-A9A2-47FD-B6F9-6D3345C6CB07}.Release|Windows-x86.Build.0 = Release|Any CPU
	EndGlobalSection
	GlobalSection(SolutionProperties) = preSolution
		HideSolutionNode = FALSE
	EndGlobalSection
	GlobalSection(NestedProjects) = preSolution
		{AE4E0DB3-05E7-4201-BBA3-A56291FD4956} = {364DE571-98D2-4F69-8D93-F25F832E7D7A}
		{60010232-B3E1-40B7-AA8E-991BD2695BDE} = {B3A98148-DC93-471C-B1EB-CFA73B9A634E}
		{BCDBC42A-9207-4BFB-973D-D604AFF7E5AC} = {FE844645-83D0-4F70-9A31-62F6BC46DAA7}
		{17F9CE8F-7EB3-4040-BC1C-5EE281A2225F} = {F61C07BA-016B-42B2-BD67-837BE9FBA030}
		{5619608C-D963-48DA-98AA-4DDE7F65E6A8} = {2C1DD2C4-73FF-4D1D-9E88-6B413317FC29}
		{A5FD8664-A9A2-47FD-B6F9-6D3345C6CB07} = {54F6A7C8-776D-4139-95A2-01CF29449F10}
	EndGlobalSection
	GlobalSection(ExtensibilityGlobals) = postSolution
		SolutionGuid = {865ABBBC-EB50-458D-B434-66271081F3A1}
	EndGlobalSection
EndGlobal
